Microsoft Visual Studio Solution File, Format Version 12.00
# Visual Studio 2012
Project("{FAE04EC0-301F-11D3-BF4B-00C04F79EFBC}") = "Godot", "Godot.csproj", "{BCA83916-5C3D-4CCB-9073-2093EB470971}"
EndProject
Global
	GlobalSection(SolutionConfigurationPlatforms) = preSolution
	Debug|Any CPU = Debug|Any CPU
	ExportDebug|Any CPU = ExportDebug|Any CPU
	ExportRelease|Any CPU = ExportRelease|Any CPU
	EndGlobalSection
	GlobalSection(ProjectConfigurationPlatforms) = postSolution
		{BCA83916-5C3D-4CCB-9073-2093EB470971}.Debug|Any CPU.ActiveCfg = Debug|Any CPU
		{BCA83916-5C3D-4CCB-9073-2093EB470971}.Debug|Any CPU.Build.0 = Debug|Any CPU
		{BCA83916-5C3D-4CCB-9073-2093EB470971}.ExportDebug|Any CPU.ActiveCfg = ExportDebug|Any CPU
		{BCA83916-5C3D-4CCB-9073-2093EB470971}.ExportDebug|Any CPU.Build.0 = ExportDebug|Any CPU
		{BCA83916-5C3D-4CCB-9073-2093EB470971}.ExportRelease|Any CPU.ActiveCfg = ExportRelease|Any CPU
		{BCA83916-5C3D-4CCB-9073-2093EB470971}.ExportRelease|Any CPU.Build.0 = ExportRelease|Any CPU
	EndGlobalSection
EndGlobal
